code.cloudfoundry.org/lager v0.0.0-20180322215153-25ee72f227fe h1:DJxFoSmhG1JqYPslxf6A9BIeO0hBBM3NUB9Daq+aJD0=
code.cloudfoundry.org/lager v0.0.0-20180322215153-25ee72f227fe/go.mod h1:O2sS7gKP3HM2iemG+EnwvyNQK7pTSC6Foi4QiMp9sSk=
github.com/18F/cf-cdn-service-broker v0.0.0-20180402200151-f1f308020e14 h1:AlH61IDYorOljs7hOR0GsrwKrCS4BpQ2j4gefCUqTrg=
github.com/18F/cf-cdn-service-broker v0.0.0-20180402200151-f1f308020e14/go.mod h1:HH4/mTZghUFrlMDwWIJP06bKrOqR55/ExLqItmG3bz4=
github.com/aws/aws-sdk-go v1.13.34 h1:vH6boV9rf1rKs+iD41aU9dY9ir2clzgtCxfhoRWwKYo=
github.com/aws/aws-sdk-go v1.13.34/go.mod h1:ZRmQr0FajVIyZ4ZzBYKG5P3ZqPz9IHG41ZoMu1ADI3k=
github.com/cloudfoundry-community/go-cfclient v0.0.0-20180404210329-cfc053bbd960 h1:M4rPDt3sPCq3hXsVfObZEGAx3uvZpZfBx9DowJ1KQvY=
github.com/cloudfoundry-community/go-cfclient v0.0.0-20180404210329-cfc053bbd960/go.mod h1:awqQBZ30j+KR+Zt6pzRZmNVZZ2Q/05LXNQbCM1+frL4=
github.com/cloudfoundry/gofileutils v0.0.0-20170111115228-4d0c80011a0f h1:3WbAZFyGnNjeYKm74CsuxXVlZWYibufTaRjH5H9mNpw=
github.com/cloudfoundry/gofileutils v0.0.0-20170111115228-4d0c80011a0f/go.mod h1:Zv7xtAh/T/tmfZlxpESaWWiWOdiJz2GfbBYxImuI6T4=
github.com/davecgh/go-spew v1.1.0 h1:ZDRjVQ15GmhC3fiQ8ni8+OwkZQO4DARzQgrnXU1Liz8=
github.com/davecgh/go-spew v1.1.0/go.mod h1:J7Y8YcW2NihsgmVo/mv3lAwl/skON4iLHjSsI+c5H38=
github.com/go-ini/ini v1.36.0 h1:63En8accP8FKkFZ77ztSfvQf9kGRJN3qBIdItP46RRk=
github.com/go-ini/ini v1.36.0/go.mod h1:ByCAeIL28uOIIG0E3PJtZPDL8WnHpFKFOtgjp+3Ies8=
github.com/golang/protobuf v1.0.0/go.mod h1:6lQm79b+lXiMfvg/cZm0SGofjICqVBUtrP5yJMmIC1U=
github.com/gorilla/context v0.0.0-20160226214623-1ea25387ff6f/go.mod h1:kBGZzfjB9CEq2AlWe17Uuf7NDRt0dE0s8S51q0aT7Yg=
github.com/gorilla/mux v1.6.1 h1:KOwqsTYZdeuMacU7CxjMNYEKeBvLbxW+psodrbcEa3A=
github.com/gorilla/mux v1.6.1/go.mod h1:1lud6UwP+6orDFRuTfBEV8e9/aOM/c4fVVCaMa2zaAs=
github.com/jinzhu/gorm v1.9.1 h1:lDSDtsCt5AGGSKTs8AHlSDbbgif4G4+CKJ8ETBDVHTA=
github.com/jinzhu/gorm v1.9.1/go.mod h1:Vla75njaFJ8clLU1W44h34PjIkijhjHIYnZxMqCdxqo=
github.com/jinzhu/inflection v0.0.0-20180308033659-04140366298a h1:eeaG9XMUvRBYXJi4pg1ZKM7nxc5AfXfojeLLW7O5J3k=
github.com/jinzhu/inflection v0.0.0-20180308033659-04140366298a/go.mod h1:h+uFLlag+Qp1Va5pdKtLDYj+kHp5pxUVkryuEj+Srlc=
github.com/jmespath/go-jmespath v0.0.0-20160202185014-0b12d6b521d8 h1:12VvqtR6Aowv3l/EQUlocDHW2Cp4G9WJVH7uyH8QFJE=
github.com/jmespath/go-jmespath v0.0.0-20160202185014-0b12d6b521d8/go.mod h1:Nht3zPeWKUH0NzdCt2Blrr5ys8VGpn0CEB0cQHVjt7k=
github.com/kelseyhightower/envconfig v1.3.0 h1:IvRS4f2VcIQy6j4ORGIf9145T/AsUB+oY8LyvN8BXNM=
github.com/kelseyhightower/envconfig v1.3.0/go.mod h1:cccZRl6mQpaq41TPp5QxidR+Sa3axMbJDNb//FQX6Gg=
github.com/lib/pq v0.0.0-20180327071824-d34b9ff171c2 h1:hRGSmZu7j271trc9sneMrpOW7GN5ngLm8YUZIPzf394=
github.com/lib/pq v0.0.0-20180327071824-d34b9ff171c2/go.mod h1:5WUZQaWbwv1U+lTReE5YruASi9Al49XbQIvNi/34Woo=
github.com/miekg/dns v1.0.5 h1:MQBGf2JEJDu0rg9WOpQZzeO+zW8UKwgkvP3R1dUU1Yw=
github.com/miekg/dns v1.0.5/go.mod h1:W1PPwlIAgtquWBMBEV9nkV9Cazfe8ScdGz/Lj7v3Nrg=
github.com/pivotal-cf/brokerapi v3.0.1+incompatible h1:XFexxqS6V+L8H8pZwi24JQjDY/LNAty5XZHMs1CjpuI=
github.com/pivotal-cf/brokerapi v3.0.1+incompatible/go.mod h1:P+oA8NvkCTkq2t4DohBiyqQo69Ub15RKGcm/vKNP0gg=
github.com/pkg/errors v0.8.0 h1:WdK/asTD0HN+q6hsWO3/vpuAkAr+tw6aNJNDFFf0+qw=
github.com/pkg/errors v0.8.0/go.mod h1:bwawxfHBFNV+L2hUp1rHADufV3IMtnDRdf1r5NINEl0=
github.com/pmezard/go-difflib v1.0.0 h1:4DBwDE0NGyQoBHbLQYPwSUPoCMWR5BEzIk/f1lZbAQM=
github.com/pmezard/go-difflib v1.0.0/go.mod h1:iKH77koFhYxTK1pcRnkKkqfTogsbg7gZNVY4sRDYZ/4=
github.com/robfig/cron v1.0.0 h1:slmQxIUH6U9ruw4XoJ7C2pyyx4yYeiHx8S9pNootHsM=
github.com/robfig/cron v1.0.0/go.mod h1:JGuDeoQd7Z6yL4zQhZ3OPEVHB7fL6Ka6skscFHfmt2k=
github.com/stretchr/objx v0.1.0 h1:4G4v2dO3VZwixGIRoQ5Lfboy6nUhCyYzaqnIAPPhYs4=
github.com/stretchr/objx v0.1.0/go.mod h1:HFkY916IF+rwdDfMAkV7OtwuqBVzrE8GR6GFx+wExME=
github.com/stretchr/testify v1.2.1 h1:52QO5WkIUcHGIR7EnGagH88x1bUzqGXTC5/1bDTUQ7U=
github.com/stretchr/testify v1.2.1/go.mod h1:a8OnRcib4nhh0OaRAV+Yts87kKdq0PP7pXfy6kDkUVs=
github.com/xenolf/lego v0.0.0-20170424160445-b4deb96f1082 h1:1eJJUBJ9rzBBwMb8fMcEkN9peKQTMIyw0s/vRb31Z6E=
github.com/xenolf/lego v0.0.0-20170424160445-b4deb96f1082/go.mod h1:fwiGnfsIjG7OHPfOvgK7Y/Qo6+2Ox0iozjNTkZICKbY=
golang.org/x/crypto v0.0.0-20180423110133-2b6c08872f4b h1:B3dUEniDg84ruO50HPgpo1ttLS4BGJsPI3E+ohCn0p0=
golang.org/x/crypto v0.0.0-20180423110133-2b6c08872f4b/go.mod h1:6SG95UA2DQfeDnfUPMdvaQW0Q7yPrPDi9nlGo2tz2b4=
golang.org/x/net v0.0.0-20180420171651-5f9ae10d9af5 h1:ylIG3jIeS45kB0W95N19kS62fwermjMYLIyybf8xh9M=
golang.org/x/net v0.0.0-20180420171651-5f9ae10d9af5/go.mod h1:mL1N/T3taQHkDXs73rZJwtUhF3w3ftmwwsq0BUmARs4=
golang.org/x/oauth2 v0.0.0-20180416194528-6881fee410a5 h1:yammTX+17Kk8zo3wLi2C76s8XKCsyhSXwTVTFbqcKjM=
golang.org/x/oauth2 v0.0.0-20180416194528-6881fee410a5/go.mod h1:N/0e6XlmueqKjAGxoOufVs8QHGRruUQn6yWY3a++T0U=
golang.org/x/text v0.3.0/go.mod h1:NqM8EUOU14njkJ3fqMW+pc6Ldnwhi/IjpwHt7yyuwOQ=
google.golang.org/appengine v1.0.0/go.mod h1:EbEs0AVv82hx2wNQdGPgUI5lhzA/G0D9YwlJXL52JkM=
gopkg.in/check.v1 v0.0.0-20161208181325-20d25e280405/go.mod h1:Co6ibVJAznAaIkqp8huTwlJQCZ016jof/cbN4VW5Yz0=
gopkg.in/square/go-jose.v1 v1.1.1 h1:pA7KxQLcwADLRJ3lpUC+vIe4LCO8oRBMoq1HJoJhA3U=
gopkg.in/square/go-jose.v1 v1.1.1/go.mod h1:QpYS+a4WhS+DTlyQIi6Ka7MS3SuR9a055rgXNEe6EiA=
gopkg.in/yaml.v2 v2.2.1/go.mod h1:hI93XBmqTisBFMUTm0b8Fm+jr3Dg1NNxqwp+5A1VGuI=
